
Microsoft Visual Studio Solution File, Format Version 12.00
# Visual Studio 2017
Project("{FAE04EC0-301F-11D3-BF4B-00C04F79EFBC}") = "Ship battle with good shader", "Ship battle with good shader.csproj", "{F6DA7E9C-B10D-2639-A60D-6A0F38291028}"
EndProject
Project("{FAE04EC0-301F-11D3-BF4B-00C04F79EFBC}") = "Ship battle with good shader.Editor", "Ship battle with good shader.Editor.csproj", "{4923BF86-F9A0-B251-01B9-0C82681508DC}"
EndProject
Global
	GlobalSection(SolutionConfigurationPlatforms) = preSolution
		Debug|Any CPU = Debug|Any CPU
		Release|Any CPU = Release|Any CPU
	EndGlobalSection
	GlobalSection(ProjectConfigurationPlatforms) = postSolution
		{F6DA7E9C-B10D-2639-A60D-6A0F38291028}.Debug|Any CPU.ActiveCfg = Debug|Any CPU
		{F6DA7E9C-B10D-2639-A60D-6A0F38291028}.Debug|Any CPU.Build.0 = Debug|Any CPU
		{F6DA7E9C-B10D-2639-A60D-6A0F38291028}.Release|Any CPU.ActiveCfg = Release|Any CPU
		{F6DA7E9C-B10D-2639-A60D-6A0F38291028}.Release|Any CPU.Build.0 = Release|Any CPU
		{4923BF86-F9A0-B251-01B9-0C82681508DC}.Debug|Any CPU.ActiveCfg = Debug|Any CPU
		{4923BF86-F9A0-B251-01B9-0C82681508DC}.Debug|Any CPU.Build.0 = Debug|Any CPU
		{4923BF86-F9A0-B251-01B9-0C82681508DC}.Release|Any CPU.ActiveCfg = Release|Any CPU
		{4923BF86-F9A0-B251-01B9-0C82681508DC}.Release|Any CPU.Build.0 = Release|Any CPU
	EndGlobalSection
	GlobalSection(SolutionProperties) = preSolution
		HideSolutionNode = FALSE
	EndGlobalSection
EndGlobal
