
Microsoft Visual Studio Solution File, Format Version 12.00
# Visual Studio 2017
Project("{FAE04EC0-301F-11D3-BF4B-00C04F79EFBC}") = "Ship battle", "Ship battle.csproj", "{2D405842-8F8C-06BF-A289-27E29AF282D3}"
EndProject
Project("{FAE04EC0-301F-11D3-BF4B-00C04F79EFBC}") = "Ship battle.Plugins", "Ship battle.Plugins.csproj", "{BA5ADA00-5513-F900-A1AF-7929113AA192}"
EndProject
Global
	GlobalSection(SolutionConfigurationPlatforms) = preSolution
		Debug|Any CPU = Debug|Any CPU
		Release|Any CPU = Release|Any CPU
	EndGlobalSection
	GlobalSection(ProjectConfigurationPlatforms) = postSolution
		{2D405842-8F8C-06BF-A289-27E29AF282D3}.Debug|Any CPU.ActiveCfg = Debug|Any CPU
		{2D405842-8F8C-06BF-A289-27E29AF282D3}.Debug|Any CPU.Build.0 = Debug|Any CPU
		{2D405842-8F8C-06BF-A289-27E29AF282D3}.Release|Any CPU.ActiveCfg = Release|Any CPU
		{2D405842-8F8C-06BF-A289-27E29AF282D3}.Release|Any CPU.Build.0 = Release|Any CPU
		{BA5ADA00-5513-F900-A1AF-7929113AA192}.Debug|Any CPU.ActiveCfg = Debug|Any CPU
		{BA5ADA00-5513-F900-A1AF-7929113AA192}.Debug|Any CPU.Build.0 = Debug|Any CPU
		{BA5ADA00-5513-F900-A1AF-7929113AA192}.Release|Any CPU.ActiveCfg = Release|Any CPU
		{BA5ADA00-5513-F900-A1AF-7929113AA192}.Release|Any CPU.Build.0 = Release|Any CPU
	EndGlobalSection
	GlobalSection(SolutionProperties) = preSolution
		HideSolutionNode = FALSE
	EndGlobalSection
EndGlobal
